// !$*UTF8*$!
{
	archiveVersion = 1;
	classes = {
	};
	objectVersion = 46;
	objects = {

/* Begin PBXBuildFile section */
		FC4868971E6F628000262664 /* MealCollectionViewCell.swift in Sources */ = {isa = PBXBuildFile; fileRef = FC4868961E6F628000262664 /* MealCollectionViewCell.swift */; };
		FC4868991E6F631900262664 /* MealTableViewCell.swift in Sources */ = {isa = PBXBuildFile; fileRef = FC4868981E6F631900262664 /* MealTableViewCell.swift */; };
		FC48689D1E6F675500262664 /* MealTableViewController.swift in Sources */ = {isa = PBXBuildFile; fileRef = FC48689C1E6F675500262664 /* MealTableViewController.swift */; };
		FC48689F1E6F69CD00262664 /* Meal.swift in Sources */ = {isa = PBXBuildFile; fileRef = FC48689E1E6F69CD00262664 /* Meal.swift */; };
		FC79298E1E68B6EE0073E41E /* AppDelegate.swift in Sources */ = {isa = PBXBuildFile; fileRef = FC79298D1E68B6EE0073E41E /* AppDelegate.swift */; };
		FC7929901E68B6EE0073E41E /* MealViewController.swift in Sources */ = {isa = PBXBuildFile; fileRef = FC79298F1E68B6EE0073E41E /* MealViewController.swift */; };
		FC7929931E68B6EE0073E41E /* Main.storyboard in Resources */ = {isa = PBXBuildFile; fileRef = FC7929911E68B6EE0073E41E /* Main.storyboard */; };
		FC7929951E68B6EE0073E41E /* Assets.xcassets in Resources */ = {isa = PBXBuildFile; fileRef = FC7929941E68B6EE0073E41E /* Assets.xcassets */; };
		FC7929981E68B6EE0073E41E /* LaunchScreen.storyboard in Resources */ = {isa = PBXBuildFile; fileRef = FC7929961E68B6EE0073E41E /* LaunchScreen.storyboard */; };
		FC7929A31E68B6EE0073E41E /* FoodTrackerTests.swift in Sources */ = {isa = PBXBuildFile; fileRef = FC7929A21E68B6EE0073E41E /* FoodTrackerTests.swift */; };
		FCBCC2811E6E0C530028CD58 /* Default-568h@2x.png in Resources */ = {isa = PBXBuildFile; fileRef = FCBCC2801E6E0C530028CD58 /* Default-568h@2x.png */; };
		FCBCC2831E6E12EE0028CD58 /* RatingControl.swift in Sources */ = {isa = PBXBuildFile; fileRef = FCBCC2821E6E12EE0028CD58 /* RatingControl.swift */; };
/* End PBXBuildFile section */

/* Begin PBXContainerItemProxy section */
		FC79299F1E68B6EE0073E41E /* PBXContainerItemProxy */ = {
			isa = PBXContainerItemProxy;
			containerPortal = FC7929821E68B6ED0073E41E /* Project object */;
			proxyType = 1;
			remoteGlobalIDString = FC7929891E68B6ED0073E41E;
			remoteInfo = FoodTracker;
		};
/* End PBXContainerItemProxy section */

/* Begin PBXFileReference section */
		FC4868961E6F628000262664 /* MealCollectionViewCell.swift */ = {isa = PBXFileReference; fileEncoding = 4; lastKnownFileType = sourcecode.swift; path = MealCollectionViewCell.swift; sourceTree = "<group>"; };
		FC4868981E6F631900262664 /* MealTableViewCell.swift */ = {isa = PBXFileReference; fileEncoding = 4; lastKnownFileType = sourcecode.swift; path = MealTableViewCell.swift; sourceTree = "<group>"; };
		FC48689C1E6F675500262664 /* MealTableViewController.swift */ = {isa = PBXFileReference; fileEncoding = 4; lastKnownFileType = sourcecode.swift; name = MealTableViewController.swift; path = ../MealTableViewController.swift; sourceTree = "<group>"; };
		FC48689E1E6F69CD00262664 /* Meal.swift */ = {isa = PBXFileReference; fileEncoding = 4; lastKnownFileType = sourcecode.swift; path = Meal.swift; sourceTree = "<group>"; };
		FC79298A1E68B6EE0073E41E /* FoodTracker.app */ = {isa = PBXFileReference; explicitFileType = wrapper.application; includeInIndex = 0; path = FoodTracker.app; sourceTree = BUILT_PRODUCTS_DIR; };
		FC79298D1E68B6EE0073E41E /* AppDelegate.swift */ = {isa = PBXFileReference; lastKnownFileType = sourcecode.swift; path = AppDelegate.swift; sourceTree = "<group>"; };
		FC79298F1E68B6EE0073E41E /* MealViewController.swift */ = {isa = PBXFileReference; lastKnownFileType = sourcecode.swift; path = MealViewController.swift; sourceTree = "<group>"; };
		FC7929921E68B6EE0073E41E /* Base */ = {isa = PBXFileReference; lastKnownFileType = file.storyboard; name = Base; path = Base.lproj/Main.storyboard; sourceTree = "<group>"; };
		FC7929941E68B6EE0073E41E /* Assets.xcassets */ = {isa = PBXFileReference; lastKnownFileType = folder.assetcatalog; path = Assets.xcassets; sourceTree = "<group>"; };
		FC7929971E68B6EE0073E41E /* Base */ = {isa = PBXFileReference; lastKnownFileType = file.storyboard; name = Base; path = Base.lproj/LaunchScreen.storyboard; sourceTree = "<group>"; };
		FC7929991E68B6EE0073E41E /* Info.plist */ = {isa = PBXFileReference; lastKnownFileType = text.plist.xml; path = Info.plist; sourceTree = "<group>"; };
		FC79299E1E68B6EE0073E41E /* FoodTrackerTests.xctest */ = {isa = PBXFileReference; explicitFileType = wrapper.cfbundle; includeInIndex = 0; path = FoodTrackerTests.xctest; sourceTree = BUILT_PRODUCTS_DIR; };
		FC7929A21E68B6EE0073E41E /* FoodTrackerTests.swift */ = {isa = PBXFileReference; lastKnownFileType = sourcecode.swift; path = FoodTrackerTests.swift; sourceTree = "<group>"; };
		FC7929A41E68B6EE0073E41E /* Info.plist */ = {isa = PBXFileReference; lastKnownFileType = text.plist.xml; path = Info.plist; sourceTree = "<group>"; };
		FCBCC2801E6E0C530028CD58 /* Default-568h@2x.png */ = {isa = PBXFileReference; lastKnownFileType = image.png; path = "Default-568h@2x.png"; sourceTree = "<group>"; };
		FCBCC2821E6E12EE0028CD58 /* RatingControl.swift */ = {isa = PBXFileReference; fileEncoding = 4; lastKnownFileType = sourcecode.swift; path = RatingControl.swift; sourceTree = "<group>"; };
/* End PBXFileReference section */

/* Begin PBXFrameworksBuildPhase section */
		FC7929871E68B6ED0073E41E /* Frameworks */ = {
			isa = PBXFrameworksBuildPhase;
			buildActionMask = 2147483647;
			files = (
			);
			runOnlyForDeploymentPostprocessing = 0;
		};
		FC79299B1E68B6EE0073E41E /* Frameworks */ = {
			isa = PBXFrameworksBuildPhase;
			buildActionMask = 2147483647;
			files = (
			);
			runOnlyForDeploymentPostprocessing = 0;
		};
/* End PBXFrameworksBuildPhase section */

/* Begin PBXGroup section */
		FC7929811E68B6ED0073E41E = {
			isa = PBXGroup;
			children = (
				FCBCC2801E6E0C530028CD58 /* Default-568h@2x.png */,
				FC79298C1E68B6EE0073E41E /* FoodTracker */,
				FC7929A11E68B6EE0073E41E /* FoodTrackerTests */,
				FC79298B1E68B6EE0073E41E /* Products */,
			);
			sourceTree = "<group>";
		};
		FC79298B1E68B6EE0073E41E /* Products */ = {
			isa = PBXGroup;
			children = (
				FC79298A1E68B6EE0073E41E /* FoodTracker.app */,
				FC79299E1E68B6EE0073E41E /* FoodTrackerTests.xctest */,
			);
			name = Products;
			sourceTree = "<group>";
		};
		FC79298C1E68B6EE0073E41E /* FoodTracker */ = {
			isa = PBXGroup;
			children = (
				FC79298D1E68B6EE0073E41E /* AppDelegate.swift */,
				FC79298F1E68B6EE0073E41E /* MealViewController.swift */,
				FC7929911E68B6EE0073E41E /* Main.storyboard */,
				FC4868981E6F631900262664 /* MealTableViewCell.swift */,
				FC48689C1E6F675500262664 /* MealTableViewController.swift */,
				FC4868961E6F628000262664 /* MealCollectionViewCell.swift */,
				FCBCC2821E6E12EE0028CD58 /* RatingControl.swift */,
				FC7929941E68B6EE0073E41E /* Assets.xcassets */,
				FC7929961E68B6EE0073E41E /* LaunchScreen.storyboard */,
				FC7929991E68B6EE0073E41E /* Info.plist */,
				FC48689E1E6F69CD00262664 /* Meal.swift */,
			);
			path = FoodTracker;
			sourceTree = "<group>";
		};
		FC7929A11E68B6EE0073E41E /* FoodTrackerTests */ = {
			isa = PBXGroup;
			children = (
				FC7929A21E68B6EE0073E41E /* FoodTrackerTests.swift */,
				FC7929A41E68B6EE0073E41E /* Info.plist */,
			);
			path = FoodTrackerTests;
			sourceTree = "<group>";
		};
/* End PBXGroup section */

/* Begin PBXNativeTarget section */
		FC7929891E68B6ED0073E41E /* FoodTracker */ = {
			isa = PBXNativeTarget;
			buildConfigurationList = FC7929A71E68B6EE0073E41E /* Build configuration list for PBXNativeTarget "FoodTracker" */;
			buildPhases = (
				FC7929861E68B6ED0073E41E /* Sources */,
				FC7929871E68B6ED0073E41E /* Frameworks */,
				FC7929881E68B6ED0073E41E /* Resources */,
			);
			buildRules = (
			);
			dependencies = (
			);
			name = FoodTracker;
			productName = FoodTracker;
			productReference = FC79298A1E68B6EE0073E41E /* FoodTracker.app */;
			productType = "com.apple.product-type.application";
		};
		FC79299D1E68B6EE0073E41E /* FoodTrackerTests */ = {
			isa = PBXNativeTarget;
			buildConfigurationList = FC7929AA1E68B6EE0073E41E /* Build configuration list for PBXNativeTarget "FoodTrackerTests" */;
			buildPhases = (
				FC79299A1E68B6EE0073E41E /* Sources */,
				FC79299B1E68B6EE0073E41E /* Frameworks */,
				FC79299C1E68B6EE0073E41E /* Resources */,
			);
			buildRules = (
			);
			dependencies = (
				FC7929A01E68B6EE0073E41E /* PBXTargetDependency */,
			);
			name = FoodTrackerTests;
			productName = FoodTrackerTests;
			productReference = FC79299E1E68B6EE0073E41E /* FoodTrackerTests.xctest */;
			productType = "com.apple.product-type.bundle.unit-test";
		};
/* End PBXNativeTarget section */

/* Begin PBXProject section */
		FC7929821E68B6ED0073E41E /* Project object */ = {
			isa = PBXProject;
			attributes = {
				LastSwiftUpdateCheck = 0820;
				LastUpgradeCheck = 0820;
				ORGANIZATIONNAME = "Jeffrey Allen";
				TargetAttributes = {
					FC7929891E68B6ED0073E41E = {
						CreatedOnToolsVersion = 8.2.1;
						ProvisioningStyle = Automatic;
					};
					FC79299D1E68B6EE0073E41E = {
						CreatedOnToolsVersion = 8.2.1;
						ProvisioningStyle = Automatic;
						TestTargetID = FC7929891E68B6ED0073E41E;
					};
				};
			};
			buildConfigurationList = FC7929851E68B6ED0073E41E /* Build configuration list for PBXProject "FoodTracker" */;
			compatibilityVersion = "Xcode 3.2";
			developmentRegion = English;
			hasScannedForEncodings = 0;
			knownRegions = (
				en,
				Base,
			);
			mainGroup = FC7929811E68B6ED0073E41E;
			productRefGroup = FC79298B1E68B6EE0073E41E /* Products */;
			projectDirPath = "";
			projectRoot = "";
			targets = (
				FC7929891E68B6ED0073E41E /* FoodTracker */,
				FC79299D1E68B6EE0073E41E /* FoodTrackerTests */,
			);
		};
/* End PBXProject section */

/* Begin PBXResourcesBuildPhase section */
		FC7929881E68B6ED0073E41E /* Resources */ = {
			isa = PBXResourcesBuildPhase;
			buildActionMask = 2147483647;
			files = (
				FC7929981E68B6EE0073E41E /* LaunchScreen.storyboard in Resources */,
				FCBCC2811E6E0C530028CD58 /* Default-568h@2x.png in Resources */,
				FC7929951E68B6EE0073E41E /* Assets.xcassets in Resources */,
				FC7929931E68B6EE0073E41E /* Main.storyboard in Resources */,
			);
			runOnlyForDeploymentPostprocessing = 0;
		};
		FC79299C1E68B6EE0073E41E /* Resources */ = {
			isa = PBXResourcesBuildPhase;
			buildActionMask = 2147483647;
			files = (
			);
			runOnlyForDeploymentPostprocessing = 0;
		};
/* End PBXResourcesBuildPhase section */

/* Begin PBXSourcesBuildPhase section */
		FC7929861E68B6ED0073E41E /* Sources */ = {
			isa = PBXSourcesBuildPhase;
			buildActionMask = 2147483647;
			files = (
				FC7929901E68B6EE0073E41E /* MealViewController.swift in Sources */,
				FC4868971E6F628000262664 /* MealCollectionViewCell.swift in Sources */,
				FC48689F1E6F69CD00262664 /* Meal.swift in Sources */,
				FCBCC2831E6E12EE0028CD58 /* RatingControl.swift in Sources */,
				FC79298E1E68B6EE0073E41E /* AppDelegate.swift in Sources */,
				FC48689D1E6F675500262664 /* MealTableViewController.swift in Sources */,
				FC4868991E6F631900262664 /* MealTableViewCell.swift in Sources */,
			);
			runOnlyForDeploymentPostprocessing = 0;
		};
		FC79299A1E68B6EE0073E41E /* Sources */ = {
			isa = PBXSourcesBuildPhase;
			buildActionMask = 2147483647;
			files = (
				FC7929A31E68B6EE0073E41E /* FoodTrackerTests.swift in Sources */,
			);
			runOnlyForDeploymentPostprocessing = 0;
		};
/* End PBXSourcesBuildPhase section */

/* Begin PBXTargetDependency section */
		FC7929A01E68B6EE0073E41E /* PBXTargetDependency */ = {
			isa = PBXTargetDependency;
			target = FC7929891E68B6ED0073E41E /* FoodTracker */;
			targetProxy = FC79299F1E68B6EE0073E41E /* PBXContainerItemProxy */;
		};
/* End PBXTargetDependency section */

/* Begin PBXVariantGroup section */
		FC7929911E68B6EE0073E41E /* Main.storyboard */ = {
			isa = PBXVariantGroup;
			children = (
				FC7929921E68B6EE0073E41E /* Base */,
			);
			name = Main.storyboard;
			sourceTree = "<group>";
		};
		FC7929961E68B6EE0073E41E /* LaunchScreen.storyboard */ = {
			isa = PBXVariantGroup;
			children = (
				FC7929971E68B6EE0073E41E /* Base */,
			);
			name = LaunchScreen.storyboard;
			sourceTree = "<group>";
		};
/* End PBXVariantGroup section */

/* Begin XCBuildConfiguration section */
		FC7929A51E68B6EE0073E41E /* Debug */ = {
			isa = XCBuildConfiguration;
			buildSettings = {
				ALWAYS_SEARCH_USER_PATHS = NO;
				CLANG_ANALYZER_NONNULL = YES;
				CLANG_CXX_LANGUAGE_STANDARD = "gnu++0x";
				CLANG_CXX_LIBRARY = "libc++";
				CLANG_ENABLE_MODULES = YES;
				CLANG_ENABLE_OBJC_ARC = YES;
				CLANG_WARN_BOOL_CONVERSION = YES;
				CLANG_WARN_CONSTANT_CONVERSION = YES;
				CLANG_WARN_DIRECT_OBJC_ISA_USAGE = YES_ERROR;
				CLANG_WARN_DOCUMENTATION_COMMENTS = YES;
				CLANG_WARN_EMPTY_BODY = YES;
				CLANG_WARN_ENUM_CONVERSION = YES;
				CLANG_WARN_INFINITE_RECURSION = YES;
				CLANG_WARN_INT_CONVERSION = YES;
				CLANG_WARN_OBJC_ROOT_CLASS = YES_ERROR;
				CLANG_WARN_SUSPICIOUS_MOVE = YES;
				CLANG_WARN_UNREACHABLE_CODE = YES;
				CLANG_WARN__DUPLICATE_METHOD_MATCH = YES;
				"CODE_SIGN_IDENTITY[sdk=iphoneos*]" = "iPhone Developer";
				COPY_PHASE_STRIP = NO;
				DEBUG_INFORMATION_FORMAT = dwarf;
				ENABLE_STRICT_OBJC_MSGSEND = YES;
				ENABLE_TESTABILITY = YES;
				GCC_C_LANGUAGE_STANDARD = gnu99;
				GCC_DYNAMIC_NO_PIC = NO;
				GCC_NO_COMMON_BLOCKS = YES;
				GCC_OPTIMIZATION_LEVEL = 0;
				GCC_PREPROCESSOR_DEFINITIONS = (
					"DEBUG=1",
					"$(inherited)",
				);
				GCC_WARN_64_TO_32_BIT_CONVERSION = YES;
				GCC_WARN_ABOUT_RETURN_TYPE = YES_ERROR;
				GCC_WARN_UNDECLARED_SELECTOR = YES;
				GCC_WARN_UNINITIALIZED_AUTOS = YES_AGGRESSIVE;
				GCC_WARN_UNUSED_FUNCTION = YES;
				GCC_WARN_UNUSED_VARIABLE = YES;
				IPHONEOS_DEPLOYMENT_TARGET = 10.2;
				MTL_ENABLE_DEBUG_INFO = YES;
				ONLY_ACTIVE_ARCH = YES;
				SDKROOT = iphoneos;
				SWIFT_ACTIVE_COMPILATION_CONDITIONS = DEBUG;
				SWIFT_OPTIMIZATION_LEVEL = "-Onone";
			};
			name = Debug;
		};
		FC7929A61E68B6EE0073E41E /* Release */ = {
			isa = XCBuildConfiguration;
			buildSettings = {
				ALWAYS_SEARCH_USER_PATHS = NO;
				CLANG_ANALYZER_NONNULL = YES;
				CLANG_CXX_LANGUAGE_STANDARD = "gnu++0x";
				CLANG_CXX_LIBRARY = "libc++";
				CLANG_ENABLE_MODULES = YES;
				CLANG_ENABLE_OBJC_ARC = YES;
				CLANG_WARN_BOOL_CONVERSION = YES;
				CLANG_WARN_CONSTANT_CONVERSION = YES;
				CLANG_WARN_DIRECT_OBJC_ISA_USAGE = YES_ERROR;
				CLANG_WARN_DOCUMENTATION_COMMENTS = YES;
				CLANG_WARN_EMPTY_BODY = YES;
				CLANG_WARN_ENUM_CONVERSION = YES;
				CLANG_WARN_INFINITE_RECURSION = YES;
				CLANG_WARN_INT_CONVERSION = YES;
				CLANG_WARN_OBJC_ROOT_CLASS = YES_ERROR;
				CLANG_WARN_SUSPICIOUS_MOVE = YES;
				CLANG_WARN_UNREACHABLE_CODE = YES;
				CLANG_WARN__DUPLICATE_METHOD_MATCH = YES;
				"CODE_SIGN_IDENTITY[sdk=iphoneos*]" = "iPhone Developer";
				COPY_PHASE_STRIP = NO;
				DEBUG_INFORMATION_FORMAT = "dwarf-with-dsym";
				ENABLE_NS_ASSERTIONS = NO;
				ENABLE_STRICT_OBJC_MSGSEND = YES;
				GCC_C_LANGUAGE_STANDARD = gnu99;
				GCC_NO_COMMON_BLOCKS = YES;
				GCC_WARN_64_TO_32_BIT_CONVERSION = YES;
				GCC_WARN_ABOUT_RETURN_TYPE = YES_ERROR;
				GCC_WARN_UNDECLARED_SELECTOR = YES;
				GCC_WARN_UNINITIALIZED_AUTOS = YES_AGGRESSIVE;
				GCC_WARN_UNUSED_FUNCTION = YES;
				GCC_WARN_UNUSED_VARIABLE = YES;
				IPHONEOS_DEPLOYMENT_TARGET = 10.2;
				MTL_ENABLE_DEBUG_INFO = NO;
				SDKROOT = iphoneos;
				SWIFT_OPTIMIZATION_LEVEL = "-Owholemodule";
				VALIDATE_PRODUCT = YES;
			};
			name = Release;
		};
		FC7929A81E68B6EE0073E41E /* Debug */ = {
			isa = XCBuildConfiguration;
			buildSettings = {
				ASSETCATALOG_COMPILER_APPICON_NAME = AppIcon;
				INFOPLIST_FILE = FoodTracker/Info.plist;
				LD_RUNPATH_SEARCH_PATHS = "$(inherited) @executable_path/Frameworks";
				PRODUCT_BUNDLE_IDENTIFIER = waynecorp.FoodTracker;
				PRODUCT_NAME = "$(TARGET_NAME)";
				SWIFT_VERSION = 3.0;
			};
			name = Debug;
		};
		FC7929A91E68B6EE0073E41E /* Release */ = {
			isa = XCBuildConfiguration;
			buildSettings = {
				ASSETCATALOG_COMPILER_APPICON_NAME = AppIcon;
				INFOPLIST_FILE = FoodTracker/Info.plist;
				LD_RUNPATH_SEARCH_PATHS = "$(inherited) @executable_path/Frameworks";
				PRODUCT_BUNDLE_IDENTIFIER = waynecorp.FoodTracker;
				PRODUCT_NAME = "$(TARGET_NAME)";
				SWIFT_VERSION = 3.0;
			};
			name = Release;
		};
		FC7929AB1E68B6EE0073E41E /* Debug */ = {
			isa = XCBuildConfiguration;
			buildSettings = {
				ALWAYS_EMBED_SWIFT_STANDARD_LIBRARIES = YES;
				BUNDLE_LOADER = "$(TEST_HOST)";
				INFOPLIST_FILE = FoodTrackerTests/Info.plist;
				LD_RUNPATH_SEARCH_PATHS = "$(inherited) @executable_path/Frameworks @loader_path/Frameworks";
				PRODUCT_BUNDLE_IDENTIFIER = waynecorp.FoodTrackerTests;
				PRODUCT_NAME = "$(TARGET_NAME)";
				SWIFT_VERSION = 3.0;
				TEST_HOST = "$(BUILT_PRODUCTS_DIR)/FoodTracker.app/FoodTracker";
			};
			name = Debug;
		};
		FC7929AC1E68B6EE0073E41E /* Release */ = {
			isa = XCBuildConfiguration;
			buildSettings = {
				ALWAYS_EMBED_SWIFT_STANDARD_LIBRARIES = YES;
				BUNDLE_LOADER = "$(TEST_HOST)";
				INFOPLIST_FILE = FoodTrackerTests/Info.plist;
				LD_RUNPATH_SEARCH_PATHS = "$(inherited) @executable_path/Frameworks @loader_path/Frameworks";
				PRODUCT_BUNDLE_IDENTIFIER = waynecorp.FoodTrackerTests;
				PRODUCT_NAME = "$(TARGET_NAME)";
				SWIFT_VERSION = 3.0;
				TEST_HOST = "$(BUILT_PRODUCTS_DIR)/FoodTracker.app/FoodTracker";
			};
			name = Release;
		};
/* End XCBuildConfiguration section */

/* Begin XCConfigurationList section */
		FC7929851E68B6ED0073E41E /* Build configuration list for PBXProject "FoodTracker" */ = {
			isa = XCConfigurationList;
			buildConfigurations = (
				FC7929A51E68B6EE0073E41E /* Debug */,
				FC7929A61E68B6EE0073E41E /* Release */,
			);
			defaultConfigurationIsVisible = 0;
			defaultConfigurationName = Release;
		};
		FC7929A71E68B6EE0073E41E /* Build configuration list for PBXNativeTarget "FoodTracker" */ = {
			isa = XCConfigurationList;
			buildConfigurations = (
				FC7929A81E68B6EE0073E41E /* Debug */,
				FC7929A91E68B6EE0073E41E /* Release */,
			);
			defaultConfigurationIsVisible = 0;
			defaultConfigurationName = Release;
		};
		FC7929AA1E68B6EE0073E41E /* Build configuration list for PBXNativeTarget "FoodTrackerTests" */ = {
			isa = XCConfigurationList;
			buildConfigurations = (
				FC7929AB1E68B6EE0073E41E /* Debug */,
				FC7929AC1E68B6EE0073E41E /* Release */,
			);
			defaultConfigurationIsVisible = 0;
			defaultConfigurationName = Release;
		};
/* End XCConfigurationList section */
	};
	rootObject = FC7929821E68B6ED0073E41E /* Project object */;
}
